
Microsoft Visual Studio Solution File, Format Version 12.00
# Visual Studio Version 17
VisualStudioVersion = 17.6.33723.286
MinimumVisualStudioVersion = 10.0.40219.1
Project("{FAE04EC0-301F-11D3-BF4B-00C04F79EFBC}") = "WebApplication1", "WebApplication1\WebApplication1.csproj", "{84376328-44E2-400E-BC50-D620A69CFF6C}"
EndProject
Project("{FAE04EC0-301F-11D3-BF4B-00C04F79EFBC}") = "ConsoleApp1", "ConsoleApp1\ConsoleApp1.csproj", "{6539C911-2EC5-463B-BE28-2DC2AB05FE92}"
EndProject
Global
	GlobalSection(SolutionConfigurationPlatforms) = preSolution
		Debug|Any CPU = Debug|Any CPU
		Release|Any CPU = Release|Any CPU
	EndGlobalSection
	GlobalSection(ProjectConfigurationPlatforms) = postSolution
		{84376328-44E2-400E-BC50-D620A69CFF6C}.Debug|Any CPU.ActiveCfg = Debug|Any CPU
		{84376328-44E2-400E-BC50-D620A69CFF6C}.Debug|Any CPU.Build.0 = Debug|Any CPU
		{84376328-44E2-400E-BC50-D620A69CFF6C}.Release|Any CPU.ActiveCfg = Release|Any CPU
		{84376328-44E2-400E-BC50-D620A69CFF6C}.Release|Any CPU.Build.0 = Release|Any CPU
		{6539C911-2EC5-463B-BE28-2DC2AB05FE92}.Debug|Any CPU.ActiveCfg = Debug|Any CPU
		{6539C911-2EC5-463B-BE28-2DC2AB05FE92}.Debug|Any CPU.Build.0 = Debug|Any CPU
		{6539C911-2EC5-463B-BE28-2DC2AB05FE92}.Release|Any CPU.ActiveCfg = Release|Any CPU
		{6539C911-2EC5-463B-BE28-2DC2AB05FE92}.Release|Any CPU.Build.0 = Release|Any CPU
	EndGlobalSection
	GlobalSection(SolutionProperties) = preSolution
		HideSolutionNode = FALSE
	EndGlobalSection
	GlobalSection(ExtensibilityGlobals) = postSolution
		SolutionGuid = {BD215E19-9811-4122-AFF1-0FE1B39F0D5E}
	EndGlobalSection
EndGlobal
